
Microsoft Visual Studio Solution File, Format Version 12.00
# Visual Studio 15
VisualStudioVersion = 15.0.28010.2048
MinimumVisualStudioVersion = 10.0.40219.1
Project("{FAE04EC0-301F-11D3-BF4B-00C04F79EFBC}") = "Export_To_EMR", "Export_To_EMR\Export_To_EMR.csproj", "{11FBCAB9-7056-4051-B141-51978A8A8A27}"
EndProject
Global
	GlobalSection(SolutionConfigurationPlatforms) = preSolution
		Debug|Any CPU = Debug|Any CPU
		Release|Any CPU = Release|Any CPU
	EndGlobalSection
	GlobalSection(ProjectConfigurationPlatforms) = postSolution
		{11FBCAB9-7056-4051-B141-51978A8A8A27}.Debug|Any CPU.ActiveCfg = Debug|Any CPU
		{11FBCAB9-7056-4051-B141-51978A8A8A27}.Debug|Any CPU.Build.0 = Debug|Any CPU
		{11FBCAB9-7056-4051-B141-51978A8A8A27}.Release|Any CPU.ActiveCfg = Release|Any CPU
		{11FBCAB9-7056-4051-B141-51978A8A8A27}.Release|Any CPU.Build.0 = Release|Any CPU
	EndGlobalSection
	GlobalSection(SolutionProperties) = preSolution
		HideSolutionNode = FALSE
	EndGlobalSection
	GlobalSection(ExtensibilityGlobals) = postSolution
		SolutionGuid = {09C899CD-FFA9-4279-B6EF-BE5183BCA41E}
	EndGlobalSection
EndGlobal
